
Microsoft Visual Studio Solution File, Format Version 12.00
# Visual Studio Version 17
VisualStudioVersion = 17.12.35527.113
MinimumVisualStudioVersion = 10.0.40219.1
Project("{FAE04EC0-301F-11D3-BF4B-00C04F79EFBC}") = "HotelProject.EntityLayer", "HotelProject.EntityLayer\HotelProject.EntityLayer.csproj", "{C3D522C7-6A0D-456D-B4E7-F6C6C89D0F71}"
EndProject
Project("{FAE04EC0-301F-11D3-BF4B-00C04F79EFBC}") = "HotelProject.DataAccessLayer", "HotelProject.DataAccessLayer\HotelProject.DataAccessLayer.csproj", "{33DAB22D-AC9B-4C3C-9A34-0B462CBD8784}"
EndProject
Project("{FAE04EC0-301F-11D3-BF4B-00C04F79EFBC}") = "HotelProject.presantaitonLayer", "HotelProject.presantaitonLayer\HotelProject.presantaitonLayer.csproj", "{ECAC921B-9C27-4789-B0F4-0E13C1FFB18F}"
EndProject
Project("{2150E333-8FDC-42A3-9474-1A3956D46DE8}") = "Solution Items", "Solution Items", "{FA0F25F9-D2FF-4360-A24B-0D81C320A5D9}"
	ProjectSection(SolutionItems) = preProject
		.gitignore = .gitignore
	EndProjectSection
EndProject
Project("{FAE04EC0-301F-11D3-BF4B-00C04F79EFBC}") = "HotelProject.BusinessLayer", "HotelProject.BusinessLayer\HotelProject.BusinessLayer.csproj", "{25D564A2-C954-4F93-BC01-746E92D85CE2}"
EndProject
Project("{FAE04EC0-301F-11D3-BF4B-00C04F79EFBC}") = "HotelProject.WepApi", "HotelProject.WepApi\HotelProject.WepApi.csproj", "{2A2E0555-8E34-4EDB-8A4F-32DD85A876AB}"
EndProject
Project("{FAE04EC0-301F-11D3-BF4B-00C04F79EFBC}") = "HotelProjectMauiApp", "HotelProjectMauiApp\HotelProjectMauiApp.csproj", "{8A562079-3C25-4BB1-9FD7-38933F8DF594}"
EndProject
Project("{FAE04EC0-301F-11D3-BF4B-00C04F79EFBC}") = "HotelProject.WebUI", "HotelProject.WebUI\HotelProject.WebUI.csproj", "{F02D2340-14AC-4AC2-8ABF-A046BF22B5AD}"
EndProject
Project("{FAE04EC0-301F-11D3-BF4B-00C04F79EFBC}") = "HotelProject.Shared.Dtos", "HotelProject.Shared.Dtos\HotelProject.Shared.Dtos.csproj", "{0A2885B8-8744-4EA3-B727-7DD20BED44CD}"
EndProject
Global
	GlobalSection(SolutionConfigurationPlatforms) = preSolution
		Debug|Any CPU = Debug|Any CPU
		Release|Any CPU = Release|Any CPU
	EndGlobalSection
	GlobalSection(ProjectConfigurationPlatforms) = postSolution
		{C3D522C7-6A0D-456D-B4E7-F6C6C89D0F71}.Debug|Any CPU.ActiveCfg = Debug|Any CPU
		{C3D522C7-6A0D-456D-B4E7-F6C6C89D0F71}.Debug|Any CPU.Build.0 = Debug|Any CPU
		{C3D522C7-6A0D-456D-B4E7-F6C6C89D0F71}.Release|Any CPU.ActiveCfg = Release|Any CPU
		{C3D522C7-6A0D-456D-B4E7-F6C6C89D0F71}.Release|Any CPU.Build.0 = Release|Any CPU
		{33DAB22D-AC9B-4C3C-9A34-0B462CBD8784}.Debug|Any CPU.ActiveCfg = Debug|Any CPU
		{33DAB22D-AC9B-4C3C-9A34-0B462CBD8784}.Debug|Any CPU.Build.0 = Debug|Any CPU
		{33DAB22D-AC9B-4C3C-9A34-0B462CBD8784}.Release|Any CPU.ActiveCfg = Release|Any CPU
		{33DAB22D-AC9B-4C3C-9A34-0B462CBD8784}.Release|Any CPU.Build.0 = Release|Any CPU
		{ECAC921B-9C27-4789-B0F4-0E13C1FFB18F}.Debug|Any CPU.ActiveCfg = Debug|Any CPU
		{ECAC921B-9C27-4789-B0F4-0E13C1FFB18F}.Debug|Any CPU.Build.0 = Debug|Any CPU
		{ECAC921B-9C27-4789-B0F4-0E13C1FFB18F}.Release|Any CPU.ActiveCfg = Release|Any CPU
		{ECAC921B-9C27-4789-B0F4-0E13C1FFB18F}.Release|Any CPU.Build.0 = Release|Any CPU
		{25D564A2-C954-4F93-BC01-746E92D85CE2}.Debug|Any CPU.ActiveCfg = Debug|Any CPU
		{25D564A2-C954-4F93-BC01-746E92D85CE2}.Debug|Any CPU.Build.0 = Debug|Any CPU
		{25D564A2-C954-4F93-BC01-746E92D85CE2}.Release|Any CPU.ActiveCfg = Release|Any CPU
		{25D564A2-C954-4F93-BC01-746E92D85CE2}.Release|Any CPU.Build.0 = Release|Any CPU
		{2A2E0555-8E34-4EDB-8A4F-32DD85A876AB}.Debug|Any CPU.ActiveCfg = Debug|Any CPU
		{2A2E0555-8E34-4EDB-8A4F-32DD85A876AB}.Debug|Any CPU.Build.0 = Debug|Any CPU
		{2A2E0555-8E34-4EDB-8A4F-32DD85A876AB}.Release|Any CPU.ActiveCfg = Release|Any CPU
		{2A2E0555-8E34-4EDB-8A4F-32DD85A876AB}.Release|Any CPU.Build.0 = Release|Any CPU
		{8A562079-3C25-4BB1-9FD7-38933F8DF594}.Debug|Any CPU.ActiveCfg = Debug|Any CPU
		{8A562079-3C25-4BB1-9FD7-38933F8DF594}.Debug|Any CPU.Build.0 = Debug|Any CPU
		{8A562079-3C25-4BB1-9FD7-38933F8DF594}.Debug|Any CPU.Deploy.0 = Debug|Any CPU
		{8A562079-3C25-4BB1-9FD7-38933F8DF594}.Release|Any CPU.ActiveCfg = Release|Any CPU
		{8A562079-3C25-4BB1-9FD7-38933F8DF594}.Release|Any CPU.Build.0 = Release|Any CPU
		{8A562079-3C25-4BB1-9FD7-38933F8DF594}.Release|Any CPU.Deploy.0 = Release|Any CPU
		{F02D2340-14AC-4AC2-8ABF-A046BF22B5AD}.Debug|Any CPU.ActiveCfg = Debug|Any CPU
		{F02D2340-14AC-4AC2-8ABF-A046BF22B5AD}.Debug|Any CPU.Build.0 = Debug|Any CPU
		{F02D2340-14AC-4AC2-8ABF-A046BF22B5AD}.Release|Any CPU.ActiveCfg = Release|Any CPU
		{F02D2340-14AC-4AC2-8ABF-A046BF22B5AD}.Release|Any CPU.Build.0 = Release|Any CPU
		{0A2885B8-8744-4EA3-B727-7DD20BED44CD}.Debug|Any CPU.ActiveCfg = Debug|Any CPU
		{0A2885B8-8744-4EA3-B727-7DD20BED44CD}.Debug|Any CPU.Build.0 = Debug|Any CPU
		{0A2885B8-8744-4EA3-B727-7DD20BED44CD}.Release|Any CPU.ActiveCfg = Release|Any CPU
		{0A2885B8-8744-4EA3-B727-7DD20BED44CD}.Release|Any CPU.Build.0 = Release|Any CPU
	EndGlobalSection
	GlobalSection(SolutionProperties) = preSolution
		HideSolutionNode = FALSE
	EndGlobalSection
EndGlobal
